{
  "lockfileVersion": 1,
  "configVersion": 1,
  "workspaces": {
    "": {
      "name": "cli",
      "dependencies": {
        "@rcompat/array": "^0.18.0",
        "@rcompat/cli": "^0.25.0",
        "@rcompat/fs": "^0.34.0",
        "@rcompat/io": "^0.11.0",
        "@rcompat/runtime": "^0.16.0",
        "@rcompat/test": "^0.18.0",
        "nunjucks": "^3.2.4",
        "proby": "^0.20.0",
      },
    },
  },
  "packages": {
    "@rcompat/array": ["@rcompat/array@0.18.0", "", { "dependencies": { "@rcompat/assert": "^0.13.0" } }, "sha512-HAtPty8TimJUreVTbCd/yyj15vJhQRpzLbw8Rgc+f26WykqSu4dYAqNFgRktd7xM148c2qFIPS5vCVoDupCWhw=="],

    "@rcompat/assert": ["@rcompat/assert@0.13.0", "", { "dependencies": { "@rcompat/error": "^0.8.0", "@rcompat/is": "^0.11.0", "@rcompat/type": "^0.17.0" } }, "sha512-uoKwxXwiEyx23bUW5ZqtXtL45+XGzr2UFbffTvbykbty9HCe4+LhiVvMu8v0j1smoEjjCOosTa2/NzD71T7DaQ=="],

    "@rcompat/cli": ["@rcompat/cli@0.25.0", "", { "dependencies": { "@rcompat/fs": "^0.35.0", "@rcompat/io": "^0.11.0", "@rcompat/is": "^0.12.0" } }, "sha512-jDbkz/0ZfJNKRH78E6MsTM5lKTMyljXVSVPmg7pGsWmAsu/yKzrZvvaPo01YVOr6mAQ3jIfIWBp2y9fNWBYjIg=="],

    "@rcompat/crypto": ["@rcompat/crypto@0.21.0", "", { "dependencies": { "@rcompat/assert": "^0.13.0" } }, "sha512-lh0dHtyqhgXaLk/i1V7KRtcpL2Y4AMm9rH7RhkxsuCUOJTHtiFuaxNH3xDF+WdVV14Ut9T59Gk+jmHY0WkQnKw=="],

    "@rcompat/dict": ["@rcompat/dict@0.10.0", "", { "dependencies": { "@rcompat/assert": "^0.13.0", "@rcompat/is": "^0.11.0" } }, "sha512-nwup8kH/oYoeiLyojmjGmjWei2v1VXCOGaVACwB9h1sR/kq2UYoXbI91/1s9/33E1tz1ApfGBA8yQRkZgIVuZQ=="],

    "@rcompat/env": ["@rcompat/env@0.23.0", "", { "dependencies": { "@rcompat/runtime": "^0.17.0" } }, "sha512-JKzpmz+idbT0tJj0mwbMRf984+yzsMdsGna4l6G5I19HUjjblrehpEu7veDj0sgGkG04FHy86iFE357/S3zu+g=="],

    "@rcompat/error": ["@rcompat/error@0.8.0", "", { "dependencies": { "@rcompat/is": "^0.11.0", "@rcompat/type": "^0.17.0" } }, "sha512-WHEJYkudQFNdoJL2D0lOYL9x6ttTH9iXittUtEhYpM0PQGSsE0qc7KyTI+YB6lwiAK7rzLHzQM+LaUJtYPRuhA=="],

    "@rcompat/fs": ["@rcompat/fs@0.34.0", "", { "dependencies": { "@rcompat/assert": "^0.13.0", "@rcompat/crypto": "^0.21.0", "@rcompat/dict": "^0.10.0", "@rcompat/error": "^0.8.0", "@rcompat/is": "^0.11.0", "@rcompat/symbol": "^0.2.0" } }, "sha512-POeY8+j1EagegsoLDk6KUYNELojWqmG233/uW94Pn8ZLXD5NiOdZErhBEzEX9ocKo2UTWaotVUVSpU1Z2L1QWw=="],

    "@rcompat/io": ["@rcompat/io@0.11.0", "", { "dependencies": { "@rcompat/assert": "^0.14.0" } }, "sha512-KgrHH6aR61FnG+PywmApTnEt8CC5r6yD1ZXL4WM+geRb1Azo7ckG/Cyu1y/xDT031UUPhKQNz0tC7eg0OmCIxA=="],

    "@rcompat/is": ["@rcompat/is@0.12.0", "", {}, "sha512-xPdL+K0I1nekue9cV6FZJe48Xcyukvn+fvbL1emesgaNCSW9nHfwRzCQ8DYzusP0r9z95OMfFKFxHWSbZAzrIg=="],

    "@rcompat/runtime": ["@rcompat/runtime@0.16.0", "", { "dependencies": { "@rcompat/dict": "^0.10.0", "@rcompat/error": "^0.8.0", "@rcompat/fs": "^0.33.0", "@rcompat/type": "^0.17.0" } }, "sha512-NfzDu9SJdEEnvB/gXiT6LyYCO9FnsDExKpfSTLBt114Nw0PI0klcTWtQudSa9T8Fg1sPd+S1OpQIr+nPVCWQuQ=="],

    "@rcompat/symbol": ["@rcompat/symbol@0.2.0", "", {}, "sha512-S+tR877M89GqLe7RGCdv+ZrSdhOXovHoohBfrCzsKUEWcrs4Ysh/1mfqYnnhov/7Zti35fbGiQfmyloRm/V/pg=="],

    "@rcompat/test": ["@rcompat/test@0.18.0", "", { "dependencies": { "@rcompat/is": "^0.12.0" } }, "sha512-MNlSAD8UV+hX4ukQLasdfQzmDJCsbrBt8EEZbV0y0FqV1NK4S0J22gGZWH/AHxjlDUcpUlkcgOEpWOrcqfyPAw=="],

    "@rcompat/type": ["@rcompat/type@0.17.0", "", {}, "sha512-eqwcRA0IkEZom8SIdZzaoagWDz12C2arekhm7FulPEhO7fP6KoMCubOHD1LAM4cHzeGokOowpiUz5uXw/Wtx1w=="],

    "a-sync-waterfall": ["a-sync-waterfall@1.0.1", "", {}, "sha512-RYTOHHdWipFUliRFMCS4X2Yn2X8M87V/OpSqWzKKOGhzqyUxzyVmhHDH9sAvG+ZuQf/TAOFsLCpMw09I1ufUnA=="],

    "asap": ["asap@2.0.6", "", {}, "sha512-BSHWgDSAiKs50o2Re8ppvp3seVHXSRM44cdSsT9FfNEUUZLOGWVCsiWaRPWM1Znn+mqZ1OfVZ3z3DWEzSp7hRA=="],

    "commander": ["commander@5.1.0", "", {}, "sha512-P0CysNDQ7rtVw4QIQtm+MRxV66vKFSvlsQvGYXZWR3qFU0jlMKHZZZgw8e+8DSah4UDKMqnknRDQz+xuQXQ/Zg=="],

    "nunjucks": ["nunjucks@3.2.4", "", { "dependencies": { "a-sync-waterfall": "^1.0.0", "asap": "^2.0.3", "commander": "^5.1.0" }, "peerDependencies": { "chokidar": "^3.3.0" }, "optionalPeers": ["chokidar"], "bin": { "nunjucks-precompile": "bin/precompile" } }, "sha512-26XRV6BhkgK0VOxfbU5cQI+ICFUtMLixv1noZn1tGU38kQH5A5nmmbk/O45xdyBhD1esk47nKrY0mvQpZIhRjQ=="],

    "proby": ["proby@0.20.0", "", { "dependencies": { "@rcompat/assert": "^0.14.0", "@rcompat/cli": "^0.25.0", "@rcompat/env": "^0.23.0", "@rcompat/fs": "^0.35.0", "@rcompat/io": "^0.11.0", "@rcompat/is": "^0.12.0", "@rcompat/runtime": "^0.17.0" }, "peerDependencies": { "@rcompat/test": "^0.18.0" }, "optionalPeers": ["@rcompat/test"], "bin": { "proby": "lib/bin.js" } }, "sha512-G3KDYoKdzRG/FDbM1zuiGAG5jsH9izIc5nryRqMgWxhwNYmMj7ahiGYCfV85p66ab2fUx3wB11u574U45BeE1g=="],

    "@rcompat/assert/@rcompat/is": ["@rcompat/is@0.11.0", "", {}, "sha512-IcmPYuGEjFlcRApvXk2fy048sfPau78JqAhnvY6ohb14ht6kB4NZNAs9fHIqgQPFOtfTg7yvmdKOrzzNbbfijg=="],

    "@rcompat/cli/@rcompat/fs": ["@rcompat/fs@0.35.1", "", { "dependencies": { "@rcompat/assert": "^0.14.0", "@rcompat/crypto": "^0.22.0", "@rcompat/dict": "^0.11.0", "@rcompat/error": "^0.9.0", "@rcompat/is": "^0.12.0", "@rcompat/symbol": "^0.3.0" } }, "sha512-etthpNx63PJVVghCxRpfyhrCaAGyjgQxqNjE+Kdq3YW2ZUmbgbBMzx1rTZ32xV8uh4NvqAa+Yu3ZS7iGEArTpg=="],

    "@rcompat/dict/@rcompat/is": ["@rcompat/is@0.11.0", "", {}, "sha512-IcmPYuGEjFlcRApvXk2fy048sfPau78JqAhnvY6ohb14ht6kB4NZNAs9fHIqgQPFOtfTg7yvmdKOrzzNbbfijg=="],

    "@rcompat/env/@rcompat/runtime": ["@rcompat/runtime@0.17.0", "", { "dependencies": { "@rcompat/dict": "^0.11.0", "@rcompat/error": "^0.9.0", "@rcompat/fs": "^0.35.0", "@rcompat/type": "^0.18.0" } }, "sha512-s7riBXY0sh943CF/carRzpEtB5DEjrkbpaEwHOBhAMiOeKkgP+5nFuun1Zwlfyva32I1DP0ssDn0rwR1q7uNqg=="],

    "@rcompat/error/@rcompat/is": ["@rcompat/is@0.11.0", "", {}, "sha512-IcmPYuGEjFlcRApvXk2fy048sfPau78JqAhnvY6ohb14ht6kB4NZNAs9fHIqgQPFOtfTg7yvmdKOrzzNbbfijg=="],

    "@rcompat/fs/@rcompat/is": ["@rcompat/is@0.11.0", "", {}, "sha512-IcmPYuGEjFlcRApvXk2fy048sfPau78JqAhnvY6ohb14ht6kB4NZNAs9fHIqgQPFOtfTg7yvmdKOrzzNbbfijg=="],

    "@rcompat/io/@rcompat/assert": ["@rcompat/assert@0.14.0", "", { "dependencies": { "@rcompat/error": "^0.9.0", "@rcompat/is": "^0.12.0", "@rcompat/type": "^0.18.0" } }, "sha512-ipicm2XS9VrnMy3gBghoLSiSrhM1XQmgEWQM/90XDKisdS7rPf0/tUWd61TkJ7/QP/4ADAMFcSmbJ/miCGf2qw=="],

    "@rcompat/runtime/@rcompat/fs": ["@rcompat/fs@0.33.2", "", { "dependencies": { "@rcompat/assert": "^0.13.0", "@rcompat/crypto": "^0.21.0", "@rcompat/dict": "^0.10.0", "@rcompat/error": "^0.8.0", "@rcompat/is": "^0.11.0", "@rcompat/symbol": "^0.2.0" } }, "sha512-SWu1TdgzfHLgX8JkgxESwMOtIQ5MmmL9TaqheaI0+hcaEzKK4Slrn2H/daO7PFV4rKu9IHVodB973GfEY6vqMg=="],

    "proby/@rcompat/assert": ["@rcompat/assert@0.14.0", "", { "dependencies": { "@rcompat/error": "^0.9.0", "@rcompat/is": "^0.12.0", "@rcompat/type": "^0.18.0" } }, "sha512-ipicm2XS9VrnMy3gBghoLSiSrhM1XQmgEWQM/90XDKisdS7rPf0/tUWd61TkJ7/QP/4ADAMFcSmbJ/miCGf2qw=="],

    "proby/@rcompat/fs": ["@rcompat/fs@0.35.1", "", { "dependencies": { "@rcompat/assert": "^0.14.0", "@rcompat/crypto": "^0.22.0", "@rcompat/dict": "^0.11.0", "@rcompat/error": "^0.9.0", "@rcompat/is": "^0.12.0", "@rcompat/symbol": "^0.3.0" } }, "sha512-etthpNx63PJVVghCxRpfyhrCaAGyjgQxqNjE+Kdq3YW2ZUmbgbBMzx1rTZ32xV8uh4NvqAa+Yu3ZS7iGEArTpg=="],

    "proby/@rcompat/runtime": ["@rcompat/runtime@0.17.0", "", { "dependencies": { "@rcompat/dict": "^0.11.0", "@rcompat/error": "^0.9.0", "@rcompat/fs": "^0.35.0", "@rcompat/type": "^0.18.0" } }, "sha512-s7riBXY0sh943CF/carRzpEtB5DEjrkbpaEwHOBhAMiOeKkgP+5nFuun1Zwlfyva32I1DP0ssDn0rwR1q7uNqg=="],

    "@rcompat/cli/@rcompat/fs/@rcompat/assert": ["@rcompat/assert@0.14.0", "", { "dependencies": { "@rcompat/error": "^0.9.0", "@rcompat/is": "^0.12.0", "@rcompat/type": "^0.18.0" } }, "sha512-ipicm2XS9VrnMy3gBghoLSiSrhM1XQmgEWQM/90XDKisdS7rPf0/tUWd61TkJ7/QP/4ADAMFcSmbJ/miCGf2qw=="],

    "@rcompat/cli/@rcompat/fs/@rcompat/crypto": ["@rcompat/crypto@0.22.0", "", { "dependencies": { "@rcompat/assert": "^0.14.0" } }, "sha512-v4aDNtfAXtdNRXuQSBXd6jaH2S56x1CfsbwdVSRx9bnWjQ3THMsngP50o0HXQKhsJ9BZZ196hKlH7wrfWc9hmQ=="],

    "@rcompat/cli/@rcompat/fs/@rcompat/dict": ["@rcompat/dict@0.11.0", "", { "dependencies": { "@rcompat/assert": "^0.14.0", "@rcompat/is": "^0.12.0" } }, "sha512-6am3+RocAAVHntsqVYNA3um63pZyVhabC3FeVUIyg/sJDr0Bld9yDr69NBNH1MFME3LIHcX0JkSwBF/K/VcryA=="],

    "@rcompat/cli/@rcompat/fs/@rcompat/error": ["@rcompat/error@0.9.0", "", { "dependencies": { "@rcompat/is": "^0.12.0", "@rcompat/type": "^0.18.0" } }, "sha512-AJSflZm2QrfSCyaYiLBYZo3X6PjIzNp2BwclX3rZhkuGVLhm+0JjkJYJ7t3YLw/T1vbTjn2ry4++DYQ1QFdYvA=="],

    "@rcompat/cli/@rcompat/fs/@rcompat/symbol": ["@rcompat/symbol@0.3.0", "", {}, "sha512-XDXx1Yv4LnrGHCEiJQzOLodtXmyqysSIy9HeMciXVNd9hnq6pJqVr0BKlgVIWZ/oD9q3qsnWwZq2aYUsuwXtiw=="],

    "@rcompat/env/@rcompat/runtime/@rcompat/dict": ["@rcompat/dict@0.11.0", "", { "dependencies": { "@rcompat/assert": "^0.14.0", "@rcompat/is": "^0.12.0" } }, "sha512-6am3+RocAAVHntsqVYNA3um63pZyVhabC3FeVUIyg/sJDr0Bld9yDr69NBNH1MFME3LIHcX0JkSwBF/K/VcryA=="],

    "@rcompat/env/@rcompat/runtime/@rcompat/error": ["@rcompat/error@0.9.0", "", { "dependencies": { "@rcompat/is": "^0.12.0", "@rcompat/type": "^0.18.0" } }, "sha512-AJSflZm2QrfSCyaYiLBYZo3X6PjIzNp2BwclX3rZhkuGVLhm+0JjkJYJ7t3YLw/T1vbTjn2ry4++DYQ1QFdYvA=="],

    "@rcompat/env/@rcompat/runtime/@rcompat/fs": ["@rcompat/fs@0.35.1", "", { "dependencies": { "@rcompat/assert": "^0.14.0", "@rcompat/crypto": "^0.22.0", "@rcompat/dict": "^0.11.0", "@rcompat/error": "^0.9.0", "@rcompat/is": "^0.12.0", "@rcompat/symbol": "^0.3.0" } }, "sha512-etthpNx63PJVVghCxRpfyhrCaAGyjgQxqNjE+Kdq3YW2ZUmbgbBMzx1rTZ32xV8uh4NvqAa+Yu3ZS7iGEArTpg=="],

    "@rcompat/env/@rcompat/runtime/@rcompat/type": ["@rcompat/type@0.18.0", "", {}, "sha512-UTx9QXTWX32BhFhdYFRHh3xVrWovIfxYvbp+w3C2agcBXCRQod1/ne3LpSyXNM53jQPpLoxzXjcTjXGoQSzfIA=="],

    "@rcompat/io/@rcompat/assert/@rcompat/error": ["@rcompat/error@0.9.0", "", { "dependencies": { "@rcompat/is": "^0.12.0", "@rcompat/type": "^0.18.0" } }, "sha512-AJSflZm2QrfSCyaYiLBYZo3X6PjIzNp2BwclX3rZhkuGVLhm+0JjkJYJ7t3YLw/T1vbTjn2ry4++DYQ1QFdYvA=="],

    "@rcompat/io/@rcompat/assert/@rcompat/type": ["@rcompat/type@0.18.0", "", {}, "sha512-UTx9QXTWX32BhFhdYFRHh3xVrWovIfxYvbp+w3C2agcBXCRQod1/ne3LpSyXNM53jQPpLoxzXjcTjXGoQSzfIA=="],

    "@rcompat/runtime/@rcompat/fs/@rcompat/is": ["@rcompat/is@0.11.0", "", {}, "sha512-IcmPYuGEjFlcRApvXk2fy048sfPau78JqAhnvY6ohb14ht6kB4NZNAs9fHIqgQPFOtfTg7yvmdKOrzzNbbfijg=="],

    "proby/@rcompat/assert/@rcompat/error": ["@rcompat/error@0.9.0", "", { "dependencies": { "@rcompat/is": "^0.12.0", "@rcompat/type": "^0.18.0" } }, "sha512-AJSflZm2QrfSCyaYiLBYZo3X6PjIzNp2BwclX3rZhkuGVLhm+0JjkJYJ7t3YLw/T1vbTjn2ry4++DYQ1QFdYvA=="],

    "proby/@rcompat/assert/@rcompat/type": ["@rcompat/type@0.18.0", "", {}, "sha512-UTx9QXTWX32BhFhdYFRHh3xVrWovIfxYvbp+w3C2agcBXCRQod1/ne3LpSyXNM53jQPpLoxzXjcTjXGoQSzfIA=="],

    "proby/@rcompat/fs/@rcompat/crypto": ["@rcompat/crypto@0.22.0", "", { "dependencies": { "@rcompat/assert": "^0.14.0" } }, "sha512-v4aDNtfAXtdNRXuQSBXd6jaH2S56x1CfsbwdVSRx9bnWjQ3THMsngP50o0HXQKhsJ9BZZ196hKlH7wrfWc9hmQ=="],

    "proby/@rcompat/fs/@rcompat/dict": ["@rcompat/dict@0.11.0", "", { "dependencies": { "@rcompat/assert": "^0.14.0", "@rcompat/is": "^0.12.0" } }, "sha512-6am3+RocAAVHntsqVYNA3um63pZyVhabC3FeVUIyg/sJDr0Bld9yDr69NBNH1MFME3LIHcX0JkSwBF/K/VcryA=="],

    "proby/@rcompat/fs/@rcompat/error": ["@rcompat/error@0.9.0", "", { "dependencies": { "@rcompat/is": "^0.12.0", "@rcompat/type": "^0.18.0" } }, "sha512-AJSflZm2QrfSCyaYiLBYZo3X6PjIzNp2BwclX3rZhkuGVLhm+0JjkJYJ7t3YLw/T1vbTjn2ry4++DYQ1QFdYvA=="],

    "proby/@rcompat/fs/@rcompat/symbol": ["@rcompat/symbol@0.3.0", "", {}, "sha512-XDXx1Yv4LnrGHCEiJQzOLodtXmyqysSIy9HeMciXVNd9hnq6pJqVr0BKlgVIWZ/oD9q3qsnWwZq2aYUsuwXtiw=="],

    "proby/@rcompat/runtime/@rcompat/dict": ["@rcompat/dict@0.11.0", "", { "dependencies": { "@rcompat/assert": "^0.14.0", "@rcompat/is": "^0.12.0" } }, "sha512-6am3+RocAAVHntsqVYNA3um63pZyVhabC3FeVUIyg/sJDr0Bld9yDr69NBNH1MFME3LIHcX0JkSwBF/K/VcryA=="],

    "proby/@rcompat/runtime/@rcompat/error": ["@rcompat/error@0.9.0", "", { "dependencies": { "@rcompat/is": "^0.12.0", "@rcompat/type": "^0.18.0" } }, "sha512-AJSflZm2QrfSCyaYiLBYZo3X6PjIzNp2BwclX3rZhkuGVLhm+0JjkJYJ7t3YLw/T1vbTjn2ry4++DYQ1QFdYvA=="],

    "proby/@rcompat/runtime/@rcompat/type": ["@rcompat/type@0.18.0", "", {}, "sha512-UTx9QXTWX32BhFhdYFRHh3xVrWovIfxYvbp+w3C2agcBXCRQod1/ne3LpSyXNM53jQPpLoxzXjcTjXGoQSzfIA=="],

    "@rcompat/cli/@rcompat/fs/@rcompat/assert/@rcompat/type": ["@rcompat/type@0.18.0", "", {}, "sha512-UTx9QXTWX32BhFhdYFRHh3xVrWovIfxYvbp+w3C2agcBXCRQod1/ne3LpSyXNM53jQPpLoxzXjcTjXGoQSzfIA=="],

    "@rcompat/cli/@rcompat/fs/@rcompat/error/@rcompat/type": ["@rcompat/type@0.18.0", "", {}, "sha512-UTx9QXTWX32BhFhdYFRHh3xVrWovIfxYvbp+w3C2agcBXCRQod1/ne3LpSyXNM53jQPpLoxzXjcTjXGoQSzfIA=="],

    "@rcompat/env/@rcompat/runtime/@rcompat/dict/@rcompat/assert": ["@rcompat/assert@0.14.0", "", { "dependencies": { "@rcompat/error": "^0.9.0", "@rcompat/is": "^0.12.0", "@rcompat/type": "^0.18.0" } }, "sha512-ipicm2XS9VrnMy3gBghoLSiSrhM1XQmgEWQM/90XDKisdS7rPf0/tUWd61TkJ7/QP/4ADAMFcSmbJ/miCGf2qw=="],

    "@rcompat/env/@rcompat/runtime/@rcompat/fs/@rcompat/assert": ["@rcompat/assert@0.14.0", "", { "dependencies": { "@rcompat/error": "^0.9.0", "@rcompat/is": "^0.12.0", "@rcompat/type": "^0.18.0" } }, "sha512-ipicm2XS9VrnMy3gBghoLSiSrhM1XQmgEWQM/90XDKisdS7rPf0/tUWd61TkJ7/QP/4ADAMFcSmbJ/miCGf2qw=="],

    "@rcompat/env/@rcompat/runtime/@rcompat/fs/@rcompat/crypto": ["@rcompat/crypto@0.22.0", "", { "dependencies": { "@rcompat/assert": "^0.14.0" } }, "sha512-v4aDNtfAXtdNRXuQSBXd6jaH2S56x1CfsbwdVSRx9bnWjQ3THMsngP50o0HXQKhsJ9BZZ196hKlH7wrfWc9hmQ=="],

    "@rcompat/env/@rcompat/runtime/@rcompat/fs/@rcompat/symbol": ["@rcompat/symbol@0.3.0", "", {}, "sha512-XDXx1Yv4LnrGHCEiJQzOLodtXmyqysSIy9HeMciXVNd9hnq6pJqVr0BKlgVIWZ/oD9q3qsnWwZq2aYUsuwXtiw=="],

    "proby/@rcompat/fs/@rcompat/error/@rcompat/type": ["@rcompat/type@0.18.0", "", {}, "sha512-UTx9QXTWX32BhFhdYFRHh3xVrWovIfxYvbp+w3C2agcBXCRQod1/ne3LpSyXNM53jQPpLoxzXjcTjXGoQSzfIA=="],
  }
}
